
Microsoft Visual Studio Solution File, Format Version 12.00
# Visual Studio Version 17
VisualStudioVersion = 17.13.35828.75 d17.13
MinimumVisualStudioVersion = 10.0.40219.1
Project("{FAE04EC0-301F-11D3-BF4B-00C04F79EFBC}") = "PhotoBooth", "PhotoBooth\PhotoBooth.csproj", "{9BBA4098-2C2E-4BCC-9955-A2DC83756523}"
EndProject
Global
	GlobalSection(SolutionConfigurationPlatforms) = preSolution
		Debug|Any CPU = Debug|Any CPU
		Release|Any CPU = Release|Any CPU
	EndGlobalSection
	GlobalSection(ProjectConfigurationPlatforms) = postSolution
		{9BBA4098-2C2E-4BCC-9955-A2DC83756523}.Debug|Any CPU.ActiveCfg = Debug|Any CPU
		{9BBA4098-2C2E-4BCC-9955-A2DC83756523}.Debug|Any CPU.Build.0 = Debug|Any CPU
		{9BBA4098-2C2E-4BCC-9955-A2DC83756523}.Release|Any CPU.ActiveCfg = Release|Any CPU
		{9BBA4098-2C2E-4BCC-9955-A2DC83756523}.Release|Any CPU.Build.0 = Release|Any CPU
	EndGlobalSection
	GlobalSection(SolutionProperties) = preSolution
		HideSolutionNode = FALSE
	EndGlobalSection
	GlobalSection(ExtensibilityGlobals) = postSolution
		SolutionGuid = {262480F9-1D0D-4120-9B18-A6E92973CBB5}
	EndGlobalSection
EndGlobal
